// !$*UTF8*$!
{
	archiveVersion = 1;
	classes = {
	};
	objectVersion = 77;
	objects = {

/* Begin PBXBuildFile section */
		D4268C7F2F03823F00C29575 /* Youki_appApp.swift in Sources */ = {isa = PBXBuildFile; fileRef = D4268C7E2F03823F00C29575 /* Youki_appApp.swift */; };
		D4268C832F03824000C29575 /* Assets.xcassets in Resources */ = {isa = PBXBuildFile; fileRef = D4268C822F03824000C29575 /* Assets.xcassets */; };
		D4FFDE242F7102AB00A555CE /* LocationProvider in Frameworks */ = {isa = PBXBuildFile; productRef = D4FFDE232F7102AB00A555CE /* LocationProvider */; };
/* End PBXBuildFile section */

/* Begin PBXContainerItemProxy section */
		D4268C892F03824000C29575 /* PBXContainerItemProxy */ = {
			isa = PBXContainerItemProxy;
			containerPortal = D4268C732F03823F00C29575 /* Project object */;
			proxyType = 1;
			remoteGlobalIDString = D4268C7A2F03823F00C29575;
			remoteInfo = "Youki app";
		};
		D4268C932F03824000C29575 /* PBXContainerItemProxy */ = {
			isa = PBXContainerItemProxy;
			containerPortal = D4268C732F03823F00C29575 /* Project object */;
			proxyType = 1;
			remoteGlobalIDString = D4268C7A2F03823F00C29575;
			remoteInfo = "Youki app";
		};
/* End PBXContainerItemProxy section */

/* Begin PBXFileReference section */
		D4268C7B2F03823F00C29575 /* Youki app.app */ = {isa = PBXFileReference; explicitFileType = wrapper.application; includeInIndex = 0; path = "Youki app.app"; sourceTree = BUILT_PRODUCTS_DIR; };
		D4268C7E2F03823F00C29575 /* Youki_appApp.swift */ = {isa = PBXFileReference; lastKnownFileType = sourcecode.swift; path = Youki_appApp.swift; sourceTree = "<group>"; };
		D4268C822F03824000C29575 /* Assets.xcassets */ = {isa = PBXFileReference; lastKnownFileType = folder.assetcatalog; path = Assets.xcassets; sourceTree = "<group>"; };
		D4268C882F03824000C29575 /* Youki appTests.xctest */ = {isa = PBXFileReference; explicitFileType = wrapper.cfbundle; includeInIndex = 0; path = "Youki appTests.xctest"; sourceTree = BUILT_PRODUCTS_DIR; };
		D4268C922F03824000C29575 /* Youki appUITests.xctest */ = {isa = PBXFileReference; explicitFileType = wrapper.cfbundle; includeInIndex = 0; path = "Youki appUITests.xctest"; sourceTree = BUILT_PRODUCTS_DIR; };
		D4FFDE252F71077F00A555CE /* Youki-app-Info.plist */ = {isa = PBXFileReference; lastKnownFileType = text.plist; path = "Youki-app-Info.plist"; sourceTree = "<group>"; };
/* End PBXFileReference section */

/* Begin PBXFileSystemSynchronizedBuildFileExceptionSet section */
		D4268CAB2F0382EB00C29575 /* Exceptions for "Views" folder in "Youki app" target */ = {
			isa = PBXFileSystemSynchronizedBuildFileExceptionSet;
			membershipExceptions = (
				ContentView.swift,
				Geolocation.swift,
				GeoLocationViewModel.swift,
				ServerViewModel.swift,
			);
			target = D4268C7A2F03823F00C29575 /* Youki app */;
		};
/* End PBXFileSystemSynchronizedBuildFileExceptionSet section */

/* Begin PBXFileSystemSynchronizedRootGroup section */
		D4268CA92F0382EB00C29575 /* Views */ = {
			isa = PBXFileSystemSynchronizedRootGroup;
			exceptions = (
				D4268CAB2F0382EB00C29575 /* Exceptions for "Views" folder in "Youki app" target */,
			);
			path = Views;
			sourceTree = "<group>";
		};
		D4268CAC2F03831700C29575 /* Models */ = {
			isa = PBXFileSystemSynchronizedRootGroup;
			path = Models;
			sourceTree = "<group>";
		};
/* End PBXFileSystemSynchronizedRootGroup section */

/* Begin PBXFrameworksBuildPhase section */
		D4268C782F03823F00C29575 /* Frameworks */ = {
			isa = PBXFrameworksBuildPhase;
			buildActionMask = 2147483647;
			files = (
				D4FFDE242F7102AB00A555CE /* LocationProvider in Frameworks */,
			);
			runOnlyForDeploymentPostprocessing = 0;
		};
		D4268C852F03824000C29575 /* Frameworks */ = {
			isa = PBXFrameworksBuildPhase;
			buildActionMask = 2147483647;
			files = (
			);
			runOnlyForDeploymentPostprocessing = 0;
		};
		D4268C8F2F03824000C29575 /* Frameworks */ = {
			isa = PBXFrameworksBuildPhase;
			buildActionMask = 2147483647;
			files = (
			);
			runOnlyForDeploymentPostprocessing = 0;
		};
/* End PBXFrameworksBuildPhase section */

/* Begin PBXGroup section */
		D4268C722F03823F00C29575 = {
			isa = PBXGroup;
			children = (
				D4FFDE252F71077F00A555CE /* Youki-app-Info.plist */,
				D4268CAC2F03831700C29575 /* Models */,
				D4268CA92F0382EB00C29575 /* Views */,
				D4268C822F03824000C29575 /* Assets.xcassets */,
				D4268C7E2F03823F00C29575 /* Youki_appApp.swift */,
				D4FFDE222F7102AB00A555CE /* Frameworks */,
				D4268C7C2F03823F00C29575 /* Products */,
			);
			sourceTree = "<group>";
		};
		D4268C7C2F03823F00C29575 /* Products */ = {
			isa = PBXGroup;
			children = (
				D4268C7B2F03823F00C29575 /* Youki app.app */,
				D4268C882F03824000C29575 /* Youki appTests.xctest */,
				D4268C922F03824000C29575 /* Youki appUITests.xctest */,
			);
			name = Products;
			sourceTree = "<group>";
		};
		D4FFDE222F7102AB00A555CE /* Frameworks */ = {
			isa = PBXGroup;
			children = (
			);
			name = Frameworks;
			sourceTree = "<group>";
		};
/* End PBXGroup section */

/* Begin PBXNativeTarget section */
		D4268C7A2F03823F00C29575 /* Youki app */ = {
			isa = PBXNativeTarget;
			buildConfigurationList = D4268C9C2F03824000C29575 /* Build configuration list for PBXNativeTarget "Youki app" */;
			buildPhases = (
				D4268C772F03823F00C29575 /* Sources */,
				D4268C782F03823F00C29575 /* Frameworks */,
				D4268C792F03823F00C29575 /* Resources */,
			);
			buildRules = (
			);
			dependencies = (
			);
			fileSystemSynchronizedGroups = (
				D4268CAC2F03831700C29575 /* Models */,
			);
			name = "Youki app";
			packageProductDependencies = (
				D4FFDE232F7102AB00A555CE /* LocationProvider */,
			);
			productName = "Youki app";
			productReference = D4268C7B2F03823F00C29575 /* Youki app.app */;
			productType = "com.apple.product-type.application";
		};
		D4268C872F03824000C29575 /* Youki appTests */ = {
			isa = PBXNativeTarget;
			buildConfigurationList = D4268C9F2F03824000C29575 /* Build configuration list for PBXNativeTarget "Youki appTests" */;
			buildPhases = (
				D4268C842F03824000C29575 /* Sources */,
				D4268C852F03824000C29575 /* Frameworks */,
				D4268C862F03824000C29575 /* Resources */,
			);
			buildRules = (
			);
			dependencies = (
				D4268C8A2F03824000C29575 /* PBXTargetDependency */,
			);
			name = "Youki appTests";
			packageProductDependencies = (
			);
			productName = "Youki appTests";
			productReference = D4268C882F03824000C29575 /* Youki appTests.xctest */;
			productType = "com.apple.product-type.bundle.unit-test";
		};
		D4268C912F03824000C29575 /* Youki appUITests */ = {
			isa = PBXNativeTarget;
			buildConfigurationList = D4268CA22F03824000C29575 /* Build configuration list for PBXNativeTarget "Youki appUITests" */;
			buildPhases = (
				D4268C8E2F03824000C29575 /* Sources */,
				D4268C8F2F03824000C29575 /* Frameworks */,
				D4268C902F03824000C29575 /* Resources */,
			);
			buildRules = (
			);
			dependencies = (
				D4268C942F03824000C29575 /* PBXTargetDependency */,
			);
			name = "Youki appUITests";
			packageProductDependencies = (
			);
			productName = "Youki appUITests";
			productReference = D4268C922F03824000C29575 /* Youki appUITests.xctest */;
			productType = "com.apple.product-type.bundle.ui-testing";
		};
/* End PBXNativeTarget section */

/* Begin PBXProject section */
		D4268C732F03823F00C29575 /* Project object */ = {
			isa = PBXProject;
			attributes = {
				BuildIndependentTargetsInParallel = 1;
				LastSwiftUpdateCheck = 1640;
				LastUpgradeCheck = 1640;
				TargetAttributes = {
					D4268C7A2F03823F00C29575 = {
						CreatedOnToolsVersion = 16.4;
					};
					D4268C872F03824000C29575 = {
						CreatedOnToolsVersion = 16.4;
						TestTargetID = D4268C7A2F03823F00C29575;
					};
					D4268C912F03824000C29575 = {
						CreatedOnToolsVersion = 16.4;
						TestTargetID = D4268C7A2F03823F00C29575;
					};
				};
			};
			buildConfigurationList = D4268C762F03823F00C29575 /* Build configuration list for PBXProject "Youki app" */;
			developmentRegion = en;
			hasScannedForEncodings = 0;
			knownRegions = (
				en,
				Base,
			);
			mainGroup = D4268C722F03823F00C29575;
			minimizedProjectReferenceProxies = 1;
			packageReferences = (
				D4FFDE212F7101D500A555CE /* XCRemoteSwiftPackageReference "LocationProvider" */,
			);
			preferredProjectObjectVersion = 77;
			productRefGroup = D4268C7C2F03823F00C29575 /* Products */;
			projectDirPath = "";
			projectRoot = "";
			targets = (
				D4268C7A2F03823F00C29575 /* Youki app */,
				D4268C872F03824000C29575 /* Youki appTests */,
				D4268C912F03824000C29575 /* Youki appUITests */,
			);
		};
/* End PBXProject section */

/* Begin PBXResourcesBuildPhase section */
		D4268C792F03823F00C29575 /* Resources */ = {
			isa = PBXResourcesBuildPhase;
			buildActionMask = 2147483647;
			files = (
				D4268C832F03824000C29575 /* Assets.xcassets in Resources */,
			);
			runOnlyForDeploymentPostprocessing = 0;
		};
		D4268C862F03824000C29575 /* Resources */ = {
			isa = PBXResourcesBuildPhase;
			buildActionMask = 2147483647;
			files = (
			);
			runOnlyForDeploymentPostprocessing = 0;
		};
		D4268C902F03824000C29575 /* Resources */ = {
			isa = PBXResourcesBuildPhase;
			buildActionMask = 2147483647;
			files = (
			);
			runOnlyForDeploymentPostprocessing = 0;
		};
/* End PBXResourcesBuildPhase section */

/* Begin PBXSourcesBuildPhase section */
		D4268C772F03823F00C29575 /* Sources */ = {
			isa = PBXSourcesBuildPhase;
			buildActionMask = 2147483647;
			files = (
				D4268C7F2F03823F00C29575 /* Youki_appApp.swift in Sources */,
			);
			runOnlyForDeploymentPostprocessing = 0;
		};
		D4268C842F03824000C29575 /* Sources */ = {
			isa = PBXSourcesBuildPhase;
			buildActionMask = 2147483647;
			files = (
			);
			runOnlyForDeploymentPostprocessing = 0;
		};
		D4268C8E2F03824000C29575 /* Sources */ = {
			isa = PBXSourcesBuildPhase;
			buildActionMask = 2147483647;
			files = (
			);
			runOnlyForDeploymentPostprocessing = 0;
		};
/* End PBXSourcesBuildPhase section */

/* Begin PBXTargetDependency section */
		D4268C8A2F03824000C29575 /* PBXTargetDependency */ = {
			isa = PBXTargetDependency;
			target = D4268C7A2F03823F00C29575 /* Youki app */;
			targetProxy = D4268C892F03824000C29575 /* PBXContainerItemProxy */;
		};
		D4268C942F03824000C29575 /* PBXTargetDependency */ = {
			isa = PBXTargetDependency;
			target = D4268C7A2F03823F00C29575 /* Youki app */;
			targetProxy = D4268C932F03824000C29575 /* PBXContainerItemProxy */;
		};
/* End PBXTargetDependency section */

/* Begin XCBuildConfiguration section */
		D4268C9A2F03824000C29575 /* Debug */ = {
			isa = XCBuildConfiguration;
			buildSettings = {
				ALWAYS_SEARCH_USER_PATHS = NO;
				ASSETCATALOG_COMPILER_GENERATE_SWIFT_ASSET_SYMBOL_EXTENSIONS = YES;
				CLANG_ANALYZER_NONNULL = YES;
				CLANG_ANALYZER_NUMBER_OBJECT_CONVERSION = YES_AGGRESSIVE;
				CLANG_CXX_LANGUAGE_STANDARD = "gnu++20";
				CLANG_ENABLE_MODULES = YES;
				CLANG_ENABLE_OBJC_ARC = YES;
				CLANG_ENABLE_OBJC_WEAK = YES;
				CLANG_WARN_BLOCK_CAPTURE_AUTORELEASING = YES;
				CLANG_WARN_BOOL_CONVERSION = YES;
				CLANG_WARN_COMMA = YES;
				CLANG_WARN_CONSTANT_CONVERSION = YES;
				CLANG_WARN_DEPRECATED_OBJC_IMPLEMENTATIONS = YES;
				CLANG_WARN_DIRECT_OBJC_ISA_USAGE = YES_ERROR;
				CLANG_WARN_DOCUMENTATION_COMMENTS = YES;
				CLANG_WARN_EMPTY_BODY = YES;
				CLANG_WARN_ENUM_CONVERSION = YES;
				CLANG_WARN_INFINITE_RECURSION = YES;
				CLANG_WARN_INT_CONVERSION = YES;
				CLANG_WARN_NON_LITERAL_NULL_CONVERSION = YES;
				CLANG_WARN_OBJC_IMPLICIT_RETAIN_SELF = YES;
				CLANG_WARN_OBJC_LITERAL_CONVERSION = YES;
				CLANG_WARN_OBJC_ROOT_CLASS = YES_ERROR;
				CLANG_WARN_QUOTED_INCLUDE_IN_FRAMEWORK_HEADER = YES;
				CLANG_WARN_RANGE_LOOP_ANALYSIS = YES;
				CLANG_WARN_STRICT_PROTOTYPES = YES;
				CLANG_WARN_SUSPICIOUS_MOVE = YES;
				CLANG_WARN_UNGUARDED_AVAILABILITY = YES_AGGRESSIVE;
				CLANG_WARN_UNREACHABLE_CODE = YES;
				CLANG_WARN__DUPLICATE_METHOD_MATCH = YES;
				COPY_PHASE_STRIP = NO;
				DEBUG_INFORMATION_FORMAT = dwarf;
				ENABLE_STRICT_OBJC_MSGSEND = YES;
				ENABLE_TESTABILITY = YES;
				ENABLE_USER_SCRIPT_SANDBOXING = YES;
				GCC_C_LANGUAGE_STANDARD = gnu17;
				GCC_DYNAMIC_NO_PIC = NO;
				GCC_NO_COMMON_BLOCKS = YES;
				GCC_OPTIMIZATION_LEVEL = 0;
				GCC_PREPROCESSOR_DEFINITIONS = (
					"DEBUG=1",
					"$(inherited)",
				);
				GCC_WARN_64_TO_32_BIT_CONVERSION = YES;
				GCC_WARN_ABOUT_RETURN_TYPE = YES_ERROR;
				GCC_WARN_UNDECLARED_SELECTOR = YES;
				GCC_WARN_UNINITIALIZED_AUTOS = YES_AGGRESSIVE;
				GCC_WARN_UNUSED_FUNCTION = YES;
				GCC_WARN_UNUSED_VARIABLE = YES;
				IPHONEOS_DEPLOYMENT_TARGET = 18.5;
				LOCALIZATION_PREFERS_STRING_CATALOGS = YES;
				MTL_ENABLE_DEBUG_INFO = INCLUDE_SOURCE;
				MTL_FAST_MATH = YES;
				ONLY_ACTIVE_ARCH = YES;
				SDKROOT = iphoneos;
				SWIFT_ACTIVE_COMPILATION_CONDITIONS = "DEBUG $(inherited)";
				SWIFT_OPTIMIZATION_LEVEL = "-Onone";
			};
			name = Debug;
		};
		D4268C9B2F03824000C29575 /* Release */ = {
			isa = XCBuildConfiguration;
			buildSettings = {
				ALWAYS_SEARCH_USER_PATHS = NO;
				ASSETCATALOG_COMPILER_GENERATE_SWIFT_ASSET_SYMBOL_EXTENSIONS = YES;
				CLANG_ANALYZER_NONNULL = YES;
				CLANG_ANALYZER_NUMBER_OBJECT_CONVERSION = YES_AGGRESSIVE;
				CLANG_CXX_LANGUAGE_STANDARD = "gnu++20";
				CLANG_ENABLE_MODULES = YES;
				CLANG_ENABLE_OBJC_ARC = YES;
				CLANG_ENABLE_OBJC_WEAK = YES;
				CLANG_WARN_BLOCK_CAPTURE_AUTORELEASING = YES;
				CLANG_WARN_BOOL_CONVERSION = YES;
				CLANG_WARN_COMMA = YES;
				CLANG_WARN_CONSTANT_CONVERSION = YES;
				CLANG_WARN_DEPRECATED_OBJC_IMPLEMENTATIONS = YES;
				CLANG_WARN_DIRECT_OBJC_ISA_USAGE = YES_ERROR;
				CLANG_WARN_DOCUMENTATION_COMMENTS = YES;
				CLANG_WARN_EMPTY_BODY = YES;
				CLANG_WARN_ENUM_CONVERSION = YES;
				CLANG_WARN_INFINITE_RECURSION = YES;
				CLANG_WARN_INT_CONVERSION = YES;
				CLANG_WARN_NON_LITERAL_NULL_CONVERSION = YES;
				CLANG_WARN_OBJC_IMPLICIT_RETAIN_SELF = YES;
				CLANG_WARN_OBJC_LITERAL_CONVERSION = YES;
				CLANG_WARN_OBJC_ROOT_CLASS = YES_ERROR;
				CLANG_WARN_QUOTED_INCLUDE_IN_FRAMEWORK_HEADER = YES;
				CLANG_WARN_RANGE_LOOP_ANALYSIS = YES;
				CLANG_WARN_STRICT_PROTOTYPES = YES;
				CLANG_WARN_SUSPICIOUS_MOVE = YES;
				CLANG_WARN_UNGUARDED_AVAILABILITY = YES_AGGRESSIVE;
				CLANG_WARN_UNREACHABLE_CODE = YES;
				CLANG_WARN__DUPLICATE_METHOD_MATCH = YES;
				COPY_PHASE_STRIP = NO;
				DEBUG_INFORMATION_FORMAT = "dwarf-with-dsym";
				ENABLE_NS_ASSERTIONS = NO;
				ENABLE_STRICT_OBJC_MSGSEND = YES;
				ENABLE_USER_SCRIPT_SANDBOXING = YES;
				GCC_C_LANGUAGE_STANDARD = gnu17;
				GCC_NO_COMMON_BLOCKS = YES;
				GCC_WARN_64_TO_32_BIT_CONVERSION = YES;
				GCC_WARN_ABOUT_RETURN_TYPE = YES_ERROR;
				GCC_WARN_UNDECLARED_SELECTOR = YES;
				GCC_WARN_UNINITIALIZED_AUTOS = YES_AGGRESSIVE;
				GCC_WARN_UNUSED_FUNCTION = YES;
				GCC_WARN_UNUSED_VARIABLE = YES;
				IPHONEOS_DEPLOYMENT_TARGET = 18.5;
				LOCALIZATION_PREFERS_STRING_CATALOGS = YES;
				MTL_ENABLE_DEBUG_INFO = NO;
				MTL_FAST_MATH = YES;
				SDKROOT = iphoneos;
				SWIFT_COMPILATION_MODE = wholemodule;
				VALIDATE_PRODUCT = YES;
			};
			name = Release;
		};
		D4268C9D2F03824000C29575 /* Debug */ = {
			isa = XCBuildConfiguration;
			buildSettings = {
				ASSETCATALOG_COMPILER_APPICON_NAME = AppIcon;
				ASSETCATALOG_COMPILER_GLOBAL_ACCENT_COLOR_NAME = AccentColor;
				CODE_SIGN_STYLE = Automatic;
				CURRENT_PROJECT_VERSION = 1;
				DEVELOPMENT_TEAM = 3U39S7T8GK;
				ENABLE_PREVIEWS = YES;
				GENERATE_INFOPLIST_FILE = YES;
				INFOPLIST_FILE = "Youki-app-Info.plist";
				INFOPLIST_KEY_LSApplicationCategoryType = "";
				INFOPLIST_KEY_NSLocationAlwaysAndWhenInUseUsageDescription = "This app uses your location even when running in the background.";
				INFOPLIST_KEY_NSLocationWhenInUseUsageDescription = "This app needs your location to display coordinates.";
				INFOPLIST_KEY_UIApplicationSceneManifest_Generation = YES;
				INFOPLIST_KEY_UIApplicationSupportsIndirectInputEvents = YES;
				INFOPLIST_KEY_UILaunchScreen_Generation = YES;
				INFOPLIST_KEY_UISupportedInterfaceOrientations_iPad = "UIInterfaceOrientationPortrait UIInterfaceOrientationPortraitUpsideDown UIInterfaceOrientationLandscapeLeft UIInterfaceOrientationLandscapeRight";
				INFOPLIST_KEY_UISupportedInterfaceOrientations_iPhone = "UIInterfaceOrientationPortrait UIInterfaceOrientationLandscapeLeft UIInterfaceOrientationLandscapeRight";
				LD_RUNPATH_SEARCH_PATHS = (
					"$(inherited)",
					"@executable_path/Frameworks",
				);
				MARKETING_VERSION = 1.0;
				PRODUCT_BUNDLE_IDENTIFIER = "k-kagoshima.Youki-app";
				PRODUCT_NAME = "$(TARGET_NAME)";
				SWIFT_EMIT_LOC_STRINGS = YES;
				SWIFT_VERSION = 5.0;
				TARGETED_DEVICE_FAMILY = "1,2";
			};
			name = Debug;
		};
		D4268C9E2F03824000C29575 /* Release */ = {
			isa = XCBuildConfiguration;
			buildSettings = {
				ASSETCATALOG_COMPILER_APPICON_NAME = AppIcon;
				ASSETCATALOG_COMPILER_GLOBAL_ACCENT_COLOR_NAME = AccentColor;
				CODE_SIGN_STYLE = Automatic;
				CURRENT_PROJECT_VERSION = 1;
				DEVELOPMENT_TEAM = 3U39S7T8GK;
				ENABLE_PREVIEWS = YES;
				GENERATE_INFOPLIST_FILE = YES;
				INFOPLIST_FILE = "Youki-app-Info.plist";
				INFOPLIST_KEY_LSApplicationCategoryType = "";
				INFOPLIST_KEY_NSLocationAlwaysAndWhenInUseUsageDescription = "This app uses your location even when running in the background.";
				INFOPLIST_KEY_NSLocationWhenInUseUsageDescription = "This app needs your location to display coordinates.";
				INFOPLIST_KEY_UIApplicationSceneManifest_Generation = YES;
				INFOPLIST_KEY_UIApplicationSupportsIndirectInputEvents = YES;
				INFOPLIST_KEY_UILaunchScreen_Generation = YES;
				INFOPLIST_KEY_UISupportedInterfaceOrientations_iPad = "UIInterfaceOrientationPortrait UIInterfaceOrientationPortraitUpsideDown UIInterfaceOrientationLandscapeLeft UIInterfaceOrientationLandscapeRight";
				INFOPLIST_KEY_UISupportedInterfaceOrientations_iPhone = "UIInterfaceOrientationPortrait UIInterfaceOrientationLandscapeLeft UIInterfaceOrientationLandscapeRight";
				LD_RUNPATH_SEARCH_PATHS = (
					"$(inherited)",
					"@executable_path/Frameworks",
				);
				MARKETING_VERSION = 1.0;
				PRODUCT_BUNDLE_IDENTIFIER = "k-kagoshima.Youki-app";
				PRODUCT_NAME = "$(TARGET_NAME)";
				SWIFT_EMIT_LOC_STRINGS = YES;
				SWIFT_VERSION = 5.0;
				TARGETED_DEVICE_FAMILY = "1,2";
			};
			name = Release;
		};
		D4268CA02F03824000C29575 /* Debug */ = {
			isa = XCBuildConfiguration;
			buildSettings = {
				BUNDLE_LOADER = "$(TEST_HOST)";
				CODE_SIGN_STYLE = Automatic;
				CURRENT_PROJECT_VERSION = 1;
				GENERATE_INFOPLIST_FILE = YES;
				IPHONEOS_DEPLOYMENT_TARGET = 18.5;
				MARKETING_VERSION = 1.0;
				PRODUCT_BUNDLE_IDENTIFIER = "k-kagoshima.Youki-appTests";
				PRODUCT_NAME = "$(TARGET_NAME)";
				SWIFT_EMIT_LOC_STRINGS = NO;
				SWIFT_VERSION = 5.0;
				TARGETED_DEVICE_FAMILY = "1,2";
				TEST_HOST = "$(BUILT_PRODUCTS_DIR)/Youki app.app/$(BUNDLE_EXECUTABLE_FOLDER_PATH)/Youki app";
			};
			name = Debug;
		};
		D4268CA12F03824000C29575 /* Release */ = {
			isa = XCBuildConfiguration;
			buildSettings = {
				BUNDLE_LOADER = "$(TEST_HOST)";
				CODE_SIGN_STYLE = Automatic;
				CURRENT_PROJECT_VERSION = 1;
				GENERATE_INFOPLIST_FILE = YES;
				IPHONEOS_DEPLOYMENT_TARGET = 18.5;
				MARKETING_VERSION = 1.0;
				PRODUCT_BUNDLE_IDENTIFIER = "k-kagoshima.Youki-appTests";
				PRODUCT_NAME = "$(TARGET_NAME)";
				SWIFT_EMIT_LOC_STRINGS = NO;
				SWIFT_VERSION = 5.0;
				TARGETED_DEVICE_FAMILY = "1,2";
				TEST_HOST = "$(BUILT_PRODUCTS_DIR)/Youki app.app/$(BUNDLE_EXECUTABLE_FOLDER_PATH)/Youki app";
			};
			name = Release;
		};
		D4268CA32F03824000C29575 /* Debug */ = {
			isa = XCBuildConfiguration;
			buildSettings = {
				CODE_SIGN_STYLE = Automatic;
				CURRENT_PROJECT_VERSION = 1;
				GENERATE_INFOPLIST_FILE = YES;
				MARKETING_VERSION = 1.0;
				PRODUCT_BUNDLE_IDENTIFIER = "k-kagoshima.Youki-appUITests";
				PRODUCT_NAME = "$(TARGET_NAME)";
				SWIFT_EMIT_LOC_STRINGS = NO;
				SWIFT_VERSION = 5.0;
				TARGETED_DEVICE_FAMILY = "1,2";
				TEST_TARGET_NAME = "Youki app";
			};
			name = Debug;
		};
		D4268CA42F03824000C29575 /* Release */ = {
			isa = XCBuildConfiguration;
			buildSettings = {
				CODE_SIGN_STYLE = Automatic;
				CURRENT_PROJECT_VERSION = 1;
				GENERATE_INFOPLIST_FILE = YES;
				MARKETING_VERSION = 1.0;
				PRODUCT_BUNDLE_IDENTIFIER = "k-kagoshima.Youki-appUITests";
				PRODUCT_NAME = "$(TARGET_NAME)";
				SWIFT_EMIT_LOC_STRINGS = NO;
				SWIFT_VERSION = 5.0;
				TARGETED_DEVICE_FAMILY = "1,2";
				TEST_TARGET_NAME = "Youki app";
			};
			name = Release;
		};
/* End XCBuildConfiguration section */

/* Begin XCConfigurationList section */
		D4268C762F03823F00C29575 /* Build configuration list for PBXProject "Youki app" */ = {
			isa = XCConfigurationList;
			buildConfigurations = (
				D4268C9A2F03824000C29575 /* Debug */,
				D4268C9B2F03824000C29575 /* Release */,
			);
			defaultConfigurationIsVisible = 0;
			defaultConfigurationName = Release;
		};
		D4268C9C2F03824000C29575 /* Build configuration list for PBXNativeTarget "Youki app" */ = {
			isa = XCConfigurationList;
			buildConfigurations = (
				D4268C9D2F03824000C29575 /* Debug */,
				D4268C9E2F03824000C29575 /* Release */,
			);
			defaultConfigurationIsVisible = 0;
			defaultConfigurationName = Release;
		};
		D4268C9F2F03824000C29575 /* Build configuration list for PBXNativeTarget "Youki appTests" */ = {
			isa = XCConfigurationList;
			buildConfigurations = (
				D4268CA02F03824000C29575 /* Debug */,
				D4268CA12F03824000C29575 /* Release */,
			);
			defaultConfigurationIsVisible = 0;
			defaultConfigurationName = Release;
		};
		D4268CA22F03824000C29575 /* Build configuration list for PBXNativeTarget "Youki appUITests" */ = {
			isa = XCConfigurationList;
			buildConfigurations = (
				D4268CA32F03824000C29575 /* Debug */,
				D4268CA42F03824000C29575 /* Release */,
			);
			defaultConfigurationIsVisible = 0;
			defaultConfigurationName = Release;
		};
/* End XCConfigurationList section */

/* Begin XCRemoteSwiftPackageReference section */
		D4FFDE212F7101D500A555CE /* XCRemoteSwiftPackageReference "LocationProvider" */ = {
			isa = XCRemoteSwiftPackageReference;
			repositoryURL = "https://github.com/himbeles/LocationProvider.git";
			requirement = {
				kind = upToNextMajorVersion;
				minimumVersion = 1.2.0;
			};
		};
/* End XCRemoteSwiftPackageReference section */

/* Begin XCSwiftPackageProductDependency section */
		D4FFDE232F7102AB00A555CE /* LocationProvider */ = {
			isa = XCSwiftPackageProductDependency;
			package = D4FFDE212F7101D500A555CE /* XCRemoteSwiftPackageReference "LocationProvider" */;
			productName = LocationProvider;
		};
/* End XCSwiftPackageProductDependency section */
	};
	rootObject = D4268C732F03823F00C29575 /* Project object */;
}
